
Microsoft Visual Studio Solution File, Format Version 12.00
# Visual Studio Version 16
VisualStudioVersion = 16.0.31624.102
MinimumVisualStudioVersion = 10.0.40219.1
Project("{9A19103F-16F7-4668-BE54-9A1E7A4F7556}") = "ArrayLibrary", "ArrayLibrary\ArrayLibrary.csproj", "{8B474651-D08C-423F-83F9-053407393A57}"
EndProject
Project("{9A19103F-16F7-4668-BE54-9A1E7A4F7556}") = "ConsoleForTests", "ConsoleForTests\ConsoleForTests.csproj", "{6C3FEEB3-27A2-456D-A3AE-4647CB4E11B9}"
EndProject
Project("{FAE04EC0-301F-11D3-BF4B-00C04F79EFBC}") = "ArrayLibraryTest", "ArrayLibraryTest\ArrayLibraryTest.csproj", "{938F95F7-61BC-4752-ADDF-31A6DE8C6543}"
EndProject
Global
	GlobalSection(SolutionConfigurationPlatforms) = preSolution
		Debug|Any CPU = Debug|Any CPU
		Release|Any CPU = Release|Any CPU
	EndGlobalSection
	GlobalSection(ProjectConfigurationPlatforms) = postSolution
		{8B474651-D08C-423F-83F9-053407393A57}.Debug|Any CPU.ActiveCfg = Debug|Any CPU
		{8B474651-D08C-423F-83F9-053407393A57}.Debug|Any CPU.Build.0 = Debug|Any CPU
		{8B474651-D08C-423F-83F9-053407393A57}.Release|Any CPU.ActiveCfg = Release|Any CPU
		{8B474651-D08C-423F-83F9-053407393A57}.Release|Any CPU.Build.0 = Release|Any CPU
		{6C3FEEB3-27A2-456D-A3AE-4647CB4E11B9}.Debug|Any CPU.ActiveCfg = Debug|Any CPU
		{6C3FEEB3-27A2-456D-A3AE-4647CB4E11B9}.Debug|Any CPU.Build.0 = Debug|Any CPU
		{6C3FEEB3-27A2-456D-A3AE-4647CB4E11B9}.Release|Any CPU.ActiveCfg = Release|Any CPU
		{6C3FEEB3-27A2-456D-A3AE-4647CB4E11B9}.Release|Any CPU.Build.0 = Release|Any CPU
		{938F95F7-61BC-4752-ADDF-31A6DE8C6543}.Debug|Any CPU.ActiveCfg = Debug|Any CPU
		{938F95F7-61BC-4752-ADDF-31A6DE8C6543}.Debug|Any CPU.Build.0 = Debug|Any CPU
		{938F95F7-61BC-4752-ADDF-31A6DE8C6543}.Release|Any CPU.ActiveCfg = Release|Any CPU
		{938F95F7-61BC-4752-ADDF-31A6DE8C6543}.Release|Any CPU.Build.0 = Release|Any CPU
	EndGlobalSection
	GlobalSection(SolutionProperties) = preSolution
		HideSolutionNode = FALSE
	EndGlobalSection
	GlobalSection(ExtensibilityGlobals) = postSolution
		SolutionGuid = {2DB48E5B-5291-47B3-A350-8401F8CF4111}
	EndGlobalSection
EndGlobal
